// !$*UTF8*$!
{
	archiveVersion = 1;
	classes = {
	};
	objectVersion = 50;
	objects = {

/* Begin PBXBuildFile section */
		5B90759420F8E72100E750C6 /* AppDelegate.swift in Sources */ = {isa = PBXBuildFile; fileRef = 5B90759320F8E72100E750C6 /* AppDelegate.swift */; };
		5B90759920F8E72100E750C6 /* Main.storyboard in Resources */ = {isa = PBXBuildFile; fileRef = 5B90759720F8E72100E750C6 /* Main.storyboard */; };
		5B90759B20F8E72300E750C6 /* Assets.xcassets in Resources */ = {isa = PBXBuildFile; fileRef = 5B90759A20F8E72300E750C6 /* Assets.xcassets */; };
		5B90759E20F8E72300E750C6 /* LaunchScreen.storyboard in Resources */ = {isa = PBXBuildFile; fileRef = 5B90759C20F8E72300E750C6 /* LaunchScreen.storyboard */; };
		5B9075A920F8E72300E750C6 /* _0180713_VA_NYCSchoolsTests.swift in Sources */ = {isa = PBXBuildFile; fileRef = 5B9075A820F8E72300E750C6 /* _0180713_VA_NYCSchoolsTests.swift */; };
		5B9075BC20F8E9C300E750C6 /* HighSchoolCell.swift in Sources */ = {isa = PBXBuildFile; fileRef = 5B9075BB20F8E9C300E750C6 /* HighSchoolCell.swift */; };
		5B9075BE20F8E9FD00E750C6 /* MainHighSchoolViewController.swift in Sources */ = {isa = PBXBuildFile; fileRef = 5B9075BD20F8E9FD00E750C6 /* MainHighSchoolViewController.swift */; };
		5B9075C020F8EA6600E750C6 /* DetailHighSchoolViewController.swift in Sources */ = {isa = PBXBuildFile; fileRef = 5B9075BF20F8EA6600E750C6 /* DetailHighSchoolViewController.swift */; };
		5B9075C320F8EAFC00E750C6 /* DataService.swift in Sources */ = {isa = PBXBuildFile; fileRef = 5B9075C220F8EAFC00E750C6 /* DataService.swift */; };
		5B9075C520F8EB3B00E750C6 /* Constants.swift in Sources */ = {isa = PBXBuildFile; fileRef = 5B9075C420F8EB3B00E750C6 /* Constants.swift */; };
		5B9075C720F8EBC800E750C6 /* WebViewController.swift in Sources */ = {isa = PBXBuildFile; fileRef = 5B9075C620F8EBC800E750C6 /* WebViewController.swift */; };
		5B9075C920F92B4300E750C6 /* SchoolStats.swift in Sources */ = {isa = PBXBuildFile; fileRef = 5B9075C820F92B4300E750C6 /* SchoolStats.swift */; };
		5B9075CB20F9858400E750C6 /* HighSchoolInfo.swift in Sources */ = {isa = PBXBuildFile; fileRef = 5B9075CA20F9858400E750C6 /* HighSchoolInfo.swift */; };
/* End PBXBuildFile section */

/* Begin PBXContainerItemProxy section */
		5B9075A520F8E72300E750C6 /* PBXContainerItemProxy */ = {
			isa = PBXContainerItemProxy;
			containerPortal = 5B90758820F8E72100E750C6 /* Project object */;
			proxyType = 1;
			remoteGlobalIDString = 5B90758F20F8E72100E750C6;
			remoteInfo = "20180713-VA-NYCSchools";
		};
/* End PBXContainerItemProxy section */

/* Begin PBXFileReference section */
		5B90759020F8E72100E750C6 /* 20180713-VA-NYCSchools.app */ = {isa = PBXFileReference; explicitFileType = wrapper.application; includeInIndex = 0; path = "20180713-VA-NYCSchools.app"; sourceTree = BUILT_PRODUCTS_DIR; };
		5B90759320F8E72100E750C6 /* AppDelegate.swift */ = {isa = PBXFileReference; lastKnownFileType = sourcecode.swift; path = AppDelegate.swift; sourceTree = "<group>"; };
		5B90759820F8E72100E750C6 /* Base */ = {isa = PBXFileReference; lastKnownFileType = file.storyboard; name = Base; path = Base.lproj/Main.storyboard; sourceTree = "<group>"; };
		5B90759A20F8E72300E750C6 /* Assets.xcassets */ = {isa = PBXFileReference; lastKnownFileType = folder.assetcatalog; path = Assets.xcassets; sourceTree = "<group>"; };
		5B90759D20F8E72300E750C6 /* Base */ = {isa = PBXFileReference; lastKnownFileType = file.storyboard; name = Base; path = Base.lproj/LaunchScreen.storyboard; sourceTree = "<group>"; };
		5B90759F20F8E72300E750C6 /* Info.plist */ = {isa = PBXFileReference; lastKnownFileType = text.plist.xml; path = Info.plist; sourceTree = "<group>"; };
		5B9075A420F8E72300E750C6 /* 20180713-VA-NYCSchoolsTests.xctest */ = {isa = PBXFileReference; explicitFileType = wrapper.cfbundle; includeInIndex = 0; path = "20180713-VA-NYCSchoolsTests.xctest"; sourceTree = BUILT_PRODUCTS_DIR; };
		5B9075A820F8E72300E750C6 /* _0180713_VA_NYCSchoolsTests.swift */ = {isa = PBXFileReference; lastKnownFileType = sourcecode.swift; path = _0180713_VA_NYCSchoolsTests.swift; sourceTree = "<group>"; };
		5B9075AA20F8E72300E750C6 /* Info.plist */ = {isa = PBXFileReference; lastKnownFileType = text.plist.xml; path = Info.plist; sourceTree = "<group>"; };
		5B9075BB20F8E9C300E750C6 /* HighSchoolCell.swift */ = {isa = PBXFileReference; lastKnownFileType = sourcecode.swift; path = HighSchoolCell.swift; sourceTree = "<group>"; };
		5B9075BD20F8E9FD00E750C6 /* MainHighSchoolViewController.swift */ = {isa = PBXFileReference; lastKnownFileType = sourcecode.swift; path = MainHighSchoolViewController.swift; sourceTree = "<group>"; };
		5B9075BF20F8EA6600E750C6 /* DetailHighSchoolViewController.swift */ = {isa = PBXFileReference; lastKnownFileType = sourcecode.swift; path = DetailHighSchoolViewController.swift; sourceTree = "<group>"; };
		5B9075C220F8EAFC00E750C6 /* DataService.swift */ = {isa = PBXFileReference; lastKnownFileType = sourcecode.swift; path = DataService.swift; sourceTree = "<group>"; };
		5B9075C420F8EB3B00E750C6 /* Constants.swift */ = {isa = PBXFileReference; lastKnownFileType = sourcecode.swift; path = Constants.swift; sourceTree = "<group>"; };
		5B9075C620F8EBC800E750C6 /* WebViewController.swift */ = {isa = PBXFileReference; lastKnownFileType = sourcecode.swift; path = WebViewController.swift; sourceTree = "<group>"; };
		5B9075C820F92B4300E750C6 /* SchoolStats.swift */ = {isa = PBXFileReference; lastKnownFileType = sourcecode.swift; path = SchoolStats.swift; sourceTree = "<group>"; };
		5B9075CA20F9858400E750C6 /* HighSchoolInfo.swift */ = {isa = PBXFileReference; fileEncoding = 4; lastKnownFileType = sourcecode.swift; path = HighSchoolInfo.swift; sourceTree = "<group>"; };
/* End PBXFileReference section */

/* Begin PBXFrameworksBuildPhase section */
		5B90758D20F8E72100E750C6 /* Frameworks */ = {
			isa = PBXFrameworksBuildPhase;
			buildActionMask = 2147483647;
			files = (
			);
			runOnlyForDeploymentPostprocessing = 0;
		};
		5B9075A120F8E72300E750C6 /* Frameworks */ = {
			isa = PBXFrameworksBuildPhase;
			buildActionMask = 2147483647;
			files = (
			);
			runOnlyForDeploymentPostprocessing = 0;
		};
/* End PBXFrameworksBuildPhase section */

/* Begin PBXGroup section */
		5B90758720F8E72100E750C6 = {
			isa = PBXGroup;
			children = (
				5B90759220F8E72100E750C6 /* 20180713-VA-NYCSchools */,
				5B9075A720F8E72300E750C6 /* 20180713-VA-NYCSchoolsTests */,
				5B90759120F8E72100E750C6 /* Products */,
			);
			sourceTree = "<group>";
		};
		5B90759120F8E72100E750C6 /* Products */ = {
			isa = PBXGroup;
			children = (
				5B90759020F8E72100E750C6 /* 20180713-VA-NYCSchools.app */,
				5B9075A420F8E72300E750C6 /* 20180713-VA-NYCSchoolsTests.xctest */,
			);
			name = Products;
			sourceTree = "<group>";
		};
		5B90759220F8E72100E750C6 /* 20180713-VA-NYCSchools */ = {
			isa = PBXGroup;
			children = (
				5B9075B320F8E74100E750C6 /* Models */,
				5B9075B420F8E74700E750C6 /* Views */,
				5B9075B520F8E74F00E750C6 /* Controllers */,
				5B9075C120F8EABE00E750C6 /* Services */,
				5B9075B620F8E79C00E750C6 /* Resources */,
			);
			path = "20180713-VA-NYCSchools";
			sourceTree = "<group>";
		};
		5B9075A720F8E72300E750C6 /* 20180713-VA-NYCSchoolsTests */ = {
			isa = PBXGroup;
			children = (
				5B9075A820F8E72300E750C6 /* _0180713_VA_NYCSchoolsTests.swift */,
				5B9075AA20F8E72300E750C6 /* Info.plist */,
			);
			path = "20180713-VA-NYCSchoolsTests";
			sourceTree = "<group>";
		};
		5B9075B320F8E74100E750C6 /* Models */ = {
			isa = PBXGroup;
			children = (
				5B9075CA20F9858400E750C6 /* HighSchoolInfo.swift */,
				5B9075C820F92B4300E750C6 /* SchoolStats.swift */,
			);
			path = Models;
			sourceTree = "<group>";
		};
		5B9075B420F8E74700E750C6 /* Views */ = {
			isa = PBXGroup;
			children = (
				5B90759720F8E72100E750C6 /* Main.storyboard */,
				5B90759C20F8E72300E750C6 /* LaunchScreen.storyboard */,
				5B9075BB20F8E9C300E750C6 /* HighSchoolCell.swift */,
			);
			path = Views;
			sourceTree = "<group>";
		};
		5B9075B520F8E74F00E750C6 /* Controllers */ = {
			isa = PBXGroup;
			children = (
				5B90759320F8E72100E750C6 /* AppDelegate.swift */,
				5B9075BD20F8E9FD00E750C6 /* MainHighSchoolViewController.swift */,
				5B9075BF20F8EA6600E750C6 /* DetailHighSchoolViewController.swift */,
				5B9075C620F8EBC800E750C6 /* WebViewController.swift */,
			);
			path = Controllers;
			sourceTree = "<group>";
		};
		5B9075B620F8E79C00E750C6 /* Resources */ = {
			isa = PBXGroup;
			children = (
				5B90759A20F8E72300E750C6 /* Assets.xcassets */,
				5B90759F20F8E72300E750C6 /* Info.plist */,
				5B9075C420F8EB3B00E750C6 /* Constants.swift */,
			);
			path = Resources;
			sourceTree = "<group>";
		};
		5B9075C120F8EABE00E750C6 /* Services */ = {
			isa = PBXGroup;
			children = (
				5B9075C220F8EAFC00E750C6 /* DataService.swift */,
			);
			path = Services;
			sourceTree = "<group>";
		};
/* End PBXGroup section */

/* Begin PBXNativeTarget section */
		5B90758F20F8E72100E750C6 /* 20180713-VA-NYCSchools */ = {
			isa = PBXNativeTarget;
			buildConfigurationList = 5B9075AD20F8E72300E750C6 /* Build configuration list for PBXNativeTarget "20180713-VA-NYCSchools" */;
			buildPhases = (
				5B90758C20F8E72100E750C6 /* Sources */,
				5B90758D20F8E72100E750C6 /* Frameworks */,
				5B90758E20F8E72100E750C6 /* Resources */,
			);
			buildRules = (
			);
			dependencies = (
			);
			name = "20180713-VA-NYCSchools";
			productName = "20180713-VA-NYCSchools";
			productReference = 5B90759020F8E72100E750C6 /* 20180713-VA-NYCSchools.app */;
			productType = "com.apple.product-type.application";
		};
		5B9075A320F8E72300E750C6 /* 20180713-VA-NYCSchoolsTests */ = {
			isa = PBXNativeTarget;
			buildConfigurationList = 5B9075B020F8E72300E750C6 /* Build configuration list for PBXNativeTarget "20180713-VA-NYCSchoolsTests" */;
			buildPhases = (
				5B9075A020F8E72300E750C6 /* Sources */,
				5B9075A120F8E72300E750C6 /* Frameworks */,
				5B9075A220F8E72300E750C6 /* Resources */,
			);
			buildRules = (
			);
			dependencies = (
				5B9075A620F8E72300E750C6 /* PBXTargetDependency */,
			);
			name = "20180713-VA-NYCSchoolsTests";
			productName = "20180713-VA-NYCSchoolsTests";
			productReference = 5B9075A420F8E72300E750C6 /* 20180713-VA-NYCSchoolsTests.xctest */;
			productType = "com.apple.product-type.bundle.unit-test";
		};
/* End PBXNativeTarget section */

/* Begin PBXProject section */
		5B90758820F8E72100E750C6 /* Project object */ = {
			isa = PBXProject;
			attributes = {
				LastSwiftUpdateCheck = 0940;
				LastUpgradeCheck = 0940;
				ORGANIZATIONNAME = Filmic;
				TargetAttributes = {
					5B90758F20F8E72100E750C6 = {
						CreatedOnToolsVersion = 9.4.1;
					};
					5B9075A320F8E72300E750C6 = {
						CreatedOnToolsVersion = 9.4.1;
						TestTargetID = 5B90758F20F8E72100E750C6;
					};
				};
			};
			buildConfigurationList = 5B90758B20F8E72100E750C6 /* Build configuration list for PBXProject "20180713-VA-NYCSchools" */;
			compatibilityVersion = "Xcode 9.3";
			developmentRegion = en;
			hasScannedForEncodings = 0;
			knownRegions = (
				en,
				Base,
			);
			mainGroup = 5B90758720F8E72100E750C6;
			productRefGroup = 5B90759120F8E72100E750C6 /* Products */;
			projectDirPath = "";
			projectRoot = "";
			targets = (
				5B90758F20F8E72100E750C6 /* 20180713-VA-NYCSchools */,
				5B9075A320F8E72300E750C6 /* 20180713-VA-NYCSchoolsTests */,
			);
		};
/* End PBXProject section */

/* Begin PBXResourcesBuildPhase section */
		5B90758E20F8E72100E750C6 /* Resources */ = {
			isa = PBXResourcesBuildPhase;
			buildActionMask = 2147483647;
			files = (
				5B90759E20F8E72300E750C6 /* LaunchScreen.storyboard in Resources */,
				5B90759B20F8E72300E750C6 /* Assets.xcassets in Resources */,
				5B90759920F8E72100E750C6 /* Main.storyboard in Resources */,
			);
			runOnlyForDeploymentPostprocessing = 0;
		};
		5B9075A220F8E72300E750C6 /* Resources */ = {
			isa = PBXResourcesBuildPhase;
			buildActionMask = 2147483647;
			files = (
			);
			runOnlyForDeploymentPostprocessing = 0;
		};
/* End PBXResourcesBuildPhase section */

/* Begin PBXSourcesBuildPhase section */
		5B90758C20F8E72100E750C6 /* Sources */ = {
			isa = PBXSourcesBuildPhase;
			buildActionMask = 2147483647;
			files = (
				5B9075C320F8EAFC00E750C6 /* DataService.swift in Sources */,
				5B9075BE20F8E9FD00E750C6 /* MainHighSchoolViewController.swift in Sources */,
				5B90759420F8E72100E750C6 /* AppDelegate.swift in Sources */,
				5B9075BC20F8E9C300E750C6 /* HighSchoolCell.swift in Sources */,
				5B9075C020F8EA6600E750C6 /* DetailHighSchoolViewController.swift in Sources */,
				5B9075C920F92B4300E750C6 /* SchoolStats.swift in Sources */,
				5B9075C520F8EB3B00E750C6 /* Constants.swift in Sources */,
				5B9075C720F8EBC800E750C6 /* WebViewController.swift in Sources */,
				5B9075CB20F9858400E750C6 /* HighSchoolInfo.swift in Sources */,
			);
			runOnlyForDeploymentPostprocessing = 0;
		};
		5B9075A020F8E72300E750C6 /* Sources */ = {
			isa = PBXSourcesBuildPhase;
			buildActionMask = 2147483647;
			files = (
				5B9075A920F8E72300E750C6 /* _0180713_VA_NYCSchoolsTests.swift in Sources */,
			);
			runOnlyForDeploymentPostprocessing = 0;
		};
/* End PBXSourcesBuildPhase section */

/* Begin PBXTargetDependency section */
		5B9075A620F8E72300E750C6 /* PBXTargetDependency */ = {
			isa = PBXTargetDependency;
			target = 5B90758F20F8E72100E750C6 /* 20180713-VA-NYCSchools */;
			targetProxy = 5B9075A520F8E72300E750C6 /* PBXContainerItemProxy */;
		};
/* End PBXTargetDependency section */

/* Begin PBXVariantGroup section */
		5B90759720F8E72100E750C6 /* Main.storyboard */ = {
			isa = PBXVariantGroup;
			children = (
				5B90759820F8E72100E750C6 /* Base */,
			);
			name = Main.storyboard;
			sourceTree = "<group>";
		};
		5B90759C20F8E72300E750C6 /* LaunchScreen.storyboard */ = {
			isa = PBXVariantGroup;
			children = (
				5B90759D20F8E72300E750C6 /* Base */,
			);
			name = LaunchScreen.storyboard;
			sourceTree = "<group>";
		};
/* End PBXVariantGroup section */

/* Begin XCBuildConfiguration section */
		5B9075AB20F8E72300E750C6 /* Debug */ = {
			isa = XCBuildConfiguration;
			buildSettings = {
				ALWAYS_SEARCH_USER_PATHS = NO;
				CLANG_ANALYZER_NONNULL = YES;
				CLANG_ANALYZER_NUMBER_OBJECT_CONVERSION = YES_AGGRESSIVE;
				CLANG_CXX_LANGUAGE_STANDARD = "gnu++14";
				CLANG_CXX_LIBRARY = "libc++";
				CLANG_ENABLE_MODULES = YES;
				CLANG_ENABLE_OBJC_ARC = YES;
				CLANG_ENABLE_OBJC_WEAK = YES;
				CLANG_WARN_BLOCK_CAPTURE_AUTORELEASING = YES;
				CLANG_WARN_BOOL_CONVERSION = YES;
				CLANG_WARN_COMMA = YES;
				CLANG_WARN_CONSTANT_CONVERSION = YES;
				CLANG_WARN_DEPRECATED_OBJC_IMPLEMENTATIONS = YES;
				CLANG_WARN_DIRECT_OBJC_ISA_USAGE = YES_ERROR;
				CLANG_WARN_DOCUMENTATION_COMMENTS = YES;
				CLANG_WARN_EMPTY_BODY = YES;
				CLANG_WARN_ENUM_CONVERSION = YES;
				CLANG_WARN_INFINITE_RECURSION = YES;
				CLANG_WARN_INT_CONVERSION = YES;
				CLANG_WARN_NON_LITERAL_NULL_CONVERSION = YES;
				CLANG_WARN_OBJC_IMPLICIT_RETAIN_SELF = YES;
				CLANG_WARN_OBJC_LITERAL_CONVERSION = YES;
				CLANG_WARN_OBJC_ROOT_CLASS = YES_ERROR;
				CLANG_WARN_RANGE_LOOP_ANALYSIS = YES;
				CLANG_WARN_STRICT_PROTOTYPES = YES;
				CLANG_WARN_SUSPICIOUS_MOVE = YES;
				CLANG_WARN_UNGUARDED_AVAILABILITY = YES_AGGRESSIVE;
				CLANG_WARN_UNREACHABLE_CODE = YES;
				CLANG_WARN__DUPLICATE_METHOD_MATCH = YES;
				CODE_SIGN_IDENTITY = "iPhone Developer";
				COPY_PHASE_STRIP = NO;
				DEBUG_INFORMATION_FORMAT = dwarf;
				ENABLE_STRICT_OBJC_MSGSEND = YES;
				ENABLE_TESTABILITY = YES;
				GCC_C_LANGUAGE_STANDARD = gnu11;
				GCC_DYNAMIC_NO_PIC = NO;
				GCC_NO_COMMON_BLOCKS = YES;
				GCC_OPTIMIZATION_LEVEL = 0;
				GCC_PREPROCESSOR_DEFINITIONS = (
					"DEBUG=1",
					"$(inherited)",
				);
				GCC_WARN_64_TO_32_BIT_CONVERSION = YES;
				GCC_WARN_ABOUT_RETURN_TYPE = YES_ERROR;
				GCC_WARN_UNDECLARED_SELECTOR = YES;
				GCC_WARN_UNINITIALIZED_AUTOS = YES_AGGRESSIVE;
				GCC_WARN_UNUSED_FUNCTION = YES;
				GCC_WARN_UNUSED_VARIABLE = YES;
				IPHONEOS_DEPLOYMENT_TARGET = 11.4;
				MTL_ENABLE_DEBUG_INFO = YES;
				ONLY_ACTIVE_ARCH = YES;
				SDKROOT = iphoneos;
				SWIFT_ACTIVE_COMPILATION_CONDITIONS = DEBUG;
				SWIFT_OPTIMIZATION_LEVEL = "-Onone";
			};
			name = Debug;
		};
		5B9075AC20F8E72300E750C6 /* Release */ = {
			isa = XCBuildConfiguration;
			buildSettings = {
				ALWAYS_SEARCH_USER_PATHS = NO;
				CLANG_ANALYZER_NONNULL = YES;
				CLANG_ANALYZER_NUMBER_OBJECT_CONVERSION = YES_AGGRESSIVE;
				CLANG_CXX_LANGUAGE_STANDARD = "gnu++14";
				CLANG_CXX_LIBRARY = "libc++";
				CLANG_ENABLE_MODULES = YES;
				CLANG_ENABLE_OBJC_ARC = YES;
				CLANG_ENABLE_OBJC_WEAK = YES;
				CLANG_WARN_BLOCK_CAPTURE_AUTORELEASING = YES;
				CLANG_WARN_BOOL_CONVERSION = YES;
				CLANG_WARN_COMMA = YES;
				CLANG_WARN_CONSTANT_CONVERSION = YES;
				CLANG_WARN_DEPRECATED_OBJC_IMPLEMENTATIONS = YES;
				CLANG_WARN_DIRECT_OBJC_ISA_USAGE = YES_ERROR;
				CLANG_WARN_DOCUMENTATION_COMMENTS = YES;
				CLANG_WARN_EMPTY_BODY = YES;
				CLANG_WARN_ENUM_CONVERSION = YES;
				CLANG_WARN_INFINITE_RECURSION = YES;
				CLANG_WARN_INT_CONVERSION = YES;
				CLANG_WARN_NON_LITERAL_NULL_CONVERSION = YES;
				CLANG_WARN_OBJC_IMPLICIT_RETAIN_SELF = YES;
				CLANG_WARN_OBJC_LITERAL_CONVERSION = YES;
				CLANG_WARN_OBJC_ROOT_CLASS = YES_ERROR;
				CLANG_WARN_RANGE_LOOP_ANALYSIS = YES;
				CLANG_WARN_STRICT_PROTOTYPES = YES;
				CLANG_WARN_SUSPICIOUS_MOVE = YES;
				CLANG_WARN_UNGUARDED_AVAILABILITY = YES_AGGRESSIVE;
				CLANG_WARN_UNREACHABLE_CODE = YES;
				CLANG_WARN__DUPLICATE_METHOD_MATCH = YES;
				CODE_SIGN_IDENTITY = "iPhone Developer";
				COPY_PHASE_STRIP = NO;
				DEBUG_INFORMATION_FORMAT = "dwarf-with-dsym";
				ENABLE_NS_ASSERTIONS = NO;
				ENABLE_STRICT_OBJC_MSGSEND = YES;
				GCC_C_LANGUAGE_STANDARD = gnu11;
				GCC_NO_COMMON_BLOCKS = YES;
				GCC_WARN_64_TO_32_BIT_CONVERSION = YES;
				GCC_WARN_ABOUT_RETURN_TYPE = YES_ERROR;
				GCC_WARN_UNDECLARED_SELECTOR = YES;
				GCC_WARN_UNINITIALIZED_AUTOS = YES_AGGRESSIVE;
				GCC_WARN_UNUSED_FUNCTION = YES;
				GCC_WARN_UNUSED_VARIABLE = YES;
				IPHONEOS_DEPLOYMENT_TARGET = 11.4;
				MTL_ENABLE_DEBUG_INFO = NO;
				SDKROOT = iphoneos;
				SWIFT_COMPILATION_MODE = wholemodule;
				SWIFT_OPTIMIZATION_LEVEL = "-O";
				VALIDATE_PRODUCT = YES;
			};
			name = Release;
		};
		5B9075AE20F8E72300E750C6 /* Debug */ = {
			isa = XCBuildConfiguration;
			buildSettings = {
				ASSETCATALOG_COMPILER_APPICON_NAME = AppIcon;
				CODE_SIGN_STYLE = Automatic;
				DEVELOPMENT_TEAM = 88F3UUEVGV;
				INFOPLIST_FILE = "$(SRCROOT)/20180713-VA-NYCSchools/Resources/Info.plist";
				LD_RUNPATH_SEARCH_PATHS = (
					"$(inherited)",
					"@executable_path/Frameworks",
				);
				PRODUCT_BUNDLE_IDENTIFIER = "com.filmicpro.-0180713-VA-NYCSchools";
				PRODUCT_NAME = "$(TARGET_NAME)";
				SWIFT_VERSION = 4.0;
				TARGETED_DEVICE_FAMILY = "1,2";
			};
			name = Debug;
		};
		5B9075AF20F8E72300E750C6 /* Release */ = {
			isa = XCBuildConfiguration;
			buildSettings = {
				ASSETCATALOG_COMPILER_APPICON_NAME = AppIcon;
				CODE_SIGN_STYLE = Automatic;
				DEVELOPMENT_TEAM = 88F3UUEVGV;
				INFOPLIST_FILE = "$(SRCROOT)/20180713-VA-NYCSchools/Resources/Info.plist";
				LD_RUNPATH_SEARCH_PATHS = (
					"$(inherited)",
					"@executable_path/Frameworks",
				);
				PRODUCT_BUNDLE_IDENTIFIER = "com.filmicpro.-0180713-VA-NYCSchools";
				PRODUCT_NAME = "$(TARGET_NAME)";
				SWIFT_VERSION = 4.0;
				TARGETED_DEVICE_FAMILY = "1,2";
			};
			name = Release;
		};
		5B9075B120F8E72300E750C6 /* Debug */ = {
			isa = XCBuildConfiguration;
			buildSettings = {
				ALWAYS_EMBED_SWIFT_STANDARD_LIBRARIES = YES;
				BUNDLE_LOADER = "$(TEST_HOST)";
				CODE_SIGN_STYLE = Automatic;
				DEVELOPMENT_TEAM = 88F3UUEVGV;
				INFOPLIST_FILE = "20180713-VA-NYCSchoolsTests/Info.plist";
				LD_RUNPATH_SEARCH_PATHS = (
					"$(inherited)",
					"@executable_path/Frameworks",
					"@loader_path/Frameworks",
				);
				PRODUCT_BUNDLE_IDENTIFIER = "com.filmicpro.-0180713-VA-NYCSchoolsTests";
				PRODUCT_NAME = "$(TARGET_NAME)";
				SWIFT_VERSION = 4.0;
				TARGETED_DEVICE_FAMILY = "1,2";
				TEST_HOST = "$(BUILT_PRODUCTS_DIR)/20180713-VA-NYCSchools.app/20180713-VA-NYCSchools";
			};
			name = Debug;
		};
		5B9075B220F8E72300E750C6 /* Release */ = {
			isa = XCBuildConfiguration;
			buildSettings = {
				ALWAYS_EMBED_SWIFT_STANDARD_LIBRARIES = YES;
				BUNDLE_LOADER = "$(TEST_HOST)";
				CODE_SIGN_STYLE = Automatic;
				DEVELOPMENT_TEAM = 88F3UUEVGV;
				INFOPLIST_FILE = "20180713-VA-NYCSchoolsTests/Info.plist";
				LD_RUNPATH_SEARCH_PATHS = (
					"$(inherited)",
					"@executable_path/Frameworks",
					"@loader_path/Frameworks",
				);
				PRODUCT_BUNDLE_IDENTIFIER = "com.filmicpro.-0180713-VA-NYCSchoolsTests";
				PRODUCT_NAME = "$(TARGET_NAME)";
				SWIFT_VERSION = 4.0;
				TARGETED_DEVICE_FAMILY = "1,2";
				TEST_HOST = "$(BUILT_PRODUCTS_DIR)/20180713-VA-NYCSchools.app/20180713-VA-NYCSchools";
			};
			name = Release;
		};
/* End XCBuildConfiguration section */

/* Begin XCConfigurationList section */
		5B90758B20F8E72100E750C6 /* Build configuration list for PBXProject "20180713-VA-NYCSchools" */ = {
			isa = XCConfigurationList;
			buildConfigurations = (
				5B9075AB20F8E72300E750C6 /* Debug */,
				5B9075AC20F8E72300E750C6 /* Release */,
			);
			defaultConfigurationIsVisible = 0;
			defaultConfigurationName = Release;
		};
		5B9075AD20F8E72300E750C6 /* Build configuration list for PBXNativeTarget "20180713-VA-NYCSchools" */ = {
			isa = XCConfigurationList;
			buildConfigurations = (
				5B9075AE20F8E72300E750C6 /* Debug */,
				5B9075AF20F8E72300E750C6 /* Release */,
			);
			defaultConfigurationIsVisible = 0;
			defaultConfigurationName = Release;
		};
		5B9075B020F8E72300E750C6 /* Build configuration list for PBXNativeTarget "20180713-VA-NYCSchoolsTests" */ = {
			isa = XCConfigurationList;
			buildConfigurations = (
				5B9075B120F8E72300E750C6 /* Debug */,
				5B9075B220F8E72300E750C6 /* Release */,
			);
			defaultConfigurationIsVisible = 0;
			defaultConfigurationName = Release;
		};
/* End XCConfigurationList section */
	};
	rootObject = 5B90758820F8E72100E750C6 /* Project object */;
}
